// !$*UTF8*$!
{
	archiveVersion = 1;
	classes = {
	};
	objectVersion = 56;
	objects = {

/* Begin PBXBuildFile section */
		AA160226AB52DE5F3E81E764 /* Pods_nectar_online.framework in Frameworks */ = {isa = PBXBuildFile; fileRef = F635D03438D082902FFFCA11 /* Pods_nectar_online.framework */; };
		FA319A072CD1E07800ED31A6 /* CallAPI.swift in Sources */ = {isa = PBXBuildFile; fileRef = FA319A062CD1E07800ED31A6 /* CallAPI.swift */; };
		FA31EC212CC8EAA100ECE5D5 /* VerificationViewController.swift in Sources */ = {isa = PBXBuildFile; fileRef = FA31EC202CC8EAA100ECE5D5 /* VerificationViewController.swift */; };
		FA31EC262CC91DD400ECE5D5 /* Implement.swift in Sources */ = {isa = PBXBuildFile; fileRef = FA31EC252CC91DD400ECE5D5 /* Implement.swift */; };
		FA328A3E2CC53DE10026E843 /* Extension.swift in Sources */ = {isa = PBXBuildFile; fileRef = FA328A3D2CC53DE10026E843 /* Extension.swift */; };
		FA328A432CC5479E0026E843 /* BlurView.swift in Sources */ = {isa = PBXBuildFile; fileRef = FA328A422CC5479E0026E843 /* BlurView.swift */; };
		FA328A472CC54EC00026E843 /* NumberViewController.swift in Sources */ = {isa = PBXBuildFile; fileRef = FA328A462CC54EC00026E843 /* NumberViewController.swift */; };
		FA3B6E4E2CC36D61004DD798 /* AppDelegate.swift in Sources */ = {isa = PBXBuildFile; fileRef = FA3B6E4D2CC36D61004DD798 /* AppDelegate.swift */; };
		FA3B6E502CC36D61004DD798 /* SceneDelegate.swift in Sources */ = {isa = PBXBuildFile; fileRef = FA3B6E4F2CC36D61004DD798 /* SceneDelegate.swift */; };
		FA3B6E522CC36D61004DD798 /* OnbordingViewController.swift in Sources */ = {isa = PBXBuildFile; fileRef = FA3B6E512CC36D61004DD798 /* OnbordingViewController.swift */; };
		FA3B6E572CC36D61004DD798 /* Assets.xcassets in Resources */ = {isa = PBXBuildFile; fileRef = FA3B6E562CC36D61004DD798 /* Assets.xcassets */; };
		FA3B6E5A2CC36D61004DD798 /* LaunchScreen.storyboard in Resources */ = {isa = PBXBuildFile; fileRef = FA3B6E582CC36D61004DD798 /* LaunchScreen.storyboard */; };
		FA3D74AF2CD5E083005487E4 /* Security.swift in Sources */ = {isa = PBXBuildFile; fileRef = FA3D74AE2CD5E083005487E4 /* Security.swift */; };
		FA3D74B12CD5E557005487E4 /* NullResponse.swift in Sources */ = {isa = PBXBuildFile; fileRef = FA3D74B02CD5E557005487E4 /* NullResponse.swift */; };
		FA3D74B42CD63161005487E4 /* AppConfig.swift in Sources */ = {isa = PBXBuildFile; fileRef = FA3D74B32CD63161005487E4 /* AppConfig.swift */; };
		FA3D74B62CD63A81005487E4 /* Image.swift in Sources */ = {isa = PBXBuildFile; fileRef = FA3D74B52CD63A81005487E4 /* Image.swift */; };
		FA489AFA2CDC70D500FF52A3 /* NotifyRequireLoginViewController.swift in Sources */ = {isa = PBXBuildFile; fileRef = FA489AF92CDC70D500FF52A3 /* NotifyRequireLoginViewController.swift */; };
		FA489AFE2CDC7C4200FF52A3 /* AppService.swift in Sources */ = {isa = PBXBuildFile; fileRef = FA489AFD2CDC7C4200FF52A3 /* AppService.swift */; };
		FA489B022CDCB08200FF52A3 /* FavoriteProduct.swift in Sources */ = {isa = PBXBuildFile; fileRef = FA489B012CDCB08200FF52A3 /* FavoriteProduct.swift */; };
		FA489B042CDCBB8200FF52A3 /* AddProductToCartResponse.swift in Sources */ = {isa = PBXBuildFile; fileRef = FA489B032CDCBB8200FF52A3 /* AddProductToCartResponse.swift */; };
		FA4F59142CCBC9F4009F09F1 /* FormControlView.swift in Sources */ = {isa = PBXBuildFile; fileRef = FA4F59132CCBC9F4009F09F1 /* FormControlView.swift */; };
		FA4F59172CCC82C7009F09F1 /* Validate.swift in Sources */ = {isa = PBXBuildFile; fileRef = FA4F59162CCC82C7009F09F1 /* Validate.swift */; };
		FA4F591A2CCC8410009F09F1 /* Constant.swift in Sources */ = {isa = PBXBuildFile; fileRef = FA4F59192CCC8410009F09F1 /* Constant.swift */; };
		FA4F591C2CCCC1DD009F09F1 /* ButtonView.swift in Sources */ = {isa = PBXBuildFile; fileRef = FA4F591B2CCCC1DD009F09F1 /* ButtonView.swift */; };
		FA4F591E2CCCCD0F009F09F1 /* LogInViewController.swift in Sources */ = {isa = PBXBuildFile; fileRef = FA4F591D2CCCCD0F009F09F1 /* LogInViewController.swift */; };
		FA4F59202CCD357B009F09F1 /* SignUpViewController.swift in Sources */ = {isa = PBXBuildFile; fileRef = FA4F591F2CCD357B009F09F1 /* SignUpViewController.swift */; };
		FA4F59222CCD4BBC009F09F1 /* HomeScreenViewController.swift in Sources */ = {isa = PBXBuildFile; fileRef = FA4F59212CCD4BBC009F09F1 /* HomeScreenViewController.swift */; };
		FA56ABD52CD0969E007836C2 /* ProductDetailViewController.swift in Sources */ = {isa = PBXBuildFile; fileRef = FA56ABD42CD0969E007836C2 /* ProductDetailViewController.swift */; };
		FA5F8A4E2CD6530F002F79D9 /* LoadImage.swift in Sources */ = {isa = PBXBuildFile; fileRef = FA5F8A4D2CD6530F002F79D9 /* LoadImage.swift */; };
		FA75F24F2CDB95C400352D56 /* MainTabViewController.swift in Sources */ = {isa = PBXBuildFile; fileRef = FA75F24E2CDB95C400352D56 /* MainTabViewController.swift */; };
		FA7E09992CCA2848001FA9C3 /* SelectLocationViewController.swift in Sources */ = {isa = PBXBuildFile; fileRef = FA7E09982CCA2848001FA9C3 /* SelectLocationViewController.swift */; };
		FA7FCB112CD9C68B00ED0C85 /* FilterViewController.swift in Sources */ = {isa = PBXBuildFile; fileRef = FA7FCB102CD9C68B00ED0C85 /* FilterViewController.swift */; };
		FA7FCB132CDA087400ED0C85 /* CheckboxButton.swift in Sources */ = {isa = PBXBuildFile; fileRef = FA7FCB122CDA087400ED0C85 /* CheckboxButton.swift */; };
		FA7FCB152CDA25D900ED0C85 /* FilterViewModel.swift in Sources */ = {isa = PBXBuildFile; fileRef = FA7FCB142CDA25D900ED0C85 /* FilterViewModel.swift */; };
		FA8D3BD52CD1E3C1005399F8 /* SelectLocationService.swift in Sources */ = {isa = PBXBuildFile; fileRef = FA8D3BD42CD1E3C1005399F8 /* SelectLocationService.swift */; };
		FA8D3BD82CD1E541005399F8 /* Zone.swift in Sources */ = {isa = PBXBuildFile; fileRef = FA8D3BD72CD1E541005399F8 /* Zone.swift */; };
		FA8D3BDA2CD1E58F005399F8 /* Area.swift in Sources */ = {isa = PBXBuildFile; fileRef = FA8D3BD92CD1E58F005399F8 /* Area.swift */; };
		FA8D3BDC2CD1FC78005399F8 /* Picker.swift in Sources */ = {isa = PBXBuildFile; fileRef = FA8D3BDB2CD1FC78005399F8 /* Picker.swift */; };
		FA952ADE2CCDE76E0077DFB6 /* ExploreViewController.swift in Sources */ = {isa = PBXBuildFile; fileRef = FA952ADD2CCDE76E0077DFB6 /* ExploreViewController.swift */; };
		FA952AE02CCDE84C0077DFB6 /* CartViewController.swift in Sources */ = {isa = PBXBuildFile; fileRef = FA952ADF2CCDE84C0077DFB6 /* CartViewController.swift */; };
		FA952AE22CCDECC60077DFB6 /* FavoriteViewController.swift in Sources */ = {isa = PBXBuildFile; fileRef = FA952AE12CCDECC60077DFB6 /* FavoriteViewController.swift */; };
		FA952AE42CCDECCE0077DFB6 /* AccountViewController.swift in Sources */ = {isa = PBXBuildFile; fileRef = FA952AE32CCDECCE0077DFB6 /* AccountViewController.swift */; };
		FA952AE62CCDF2D10077DFB6 /* CustomTabBar.swift in Sources */ = {isa = PBXBuildFile; fileRef = FA952AE52CCDF2D10077DFB6 /* CustomTabBar.swift */; };
		FA952AEC2CCE27010077DFB6 /* ProductClassificationView.swift in Sources */ = {isa = PBXBuildFile; fileRef = FA952AEB2CCE27010077DFB6 /* ProductClassificationView.swift */; };
		FA952AEE2CCE7C020077DFB6 /* ProductView.swift in Sources */ = {isa = PBXBuildFile; fileRef = FA952AED2CCE7C020077DFB6 /* ProductView.swift */; };
		FA952AF12CCE91AD0077DFB6 /* DataTest.swift in Sources */ = {isa = PBXBuildFile; fileRef = FA952AF02CCE91AD0077DFB6 /* DataTest.swift */; };
		FA9681DA2CE1A32A00FC95FD /* NotificationBanner.swift in Sources */ = {isa = PBXBuildFile; fileRef = FA9681D92CE1A32A00FC95FD /* NotificationBanner.swift */; };
		FA9681DC2CE1A83300FC95FD /* UpdateQuantityProductInCartResponse.swift in Sources */ = {isa = PBXBuildFile; fileRef = FA9681DB2CE1A83300FC95FD /* UpdateQuantityProductInCartResponse.swift */; };
		FA9681DE2CE1A90900FC95FD /* RemoveProductInCartResponse.swift in Sources */ = {isa = PBXBuildFile; fileRef = FA9681DD2CE1A90900FC95FD /* RemoveProductInCartResponse.swift */; };
		FA9681E02CE1BF5000FC95FD /* RatingProductResponse.swift in Sources */ = {isa = PBXBuildFile; fileRef = FA9681DF2CE1BF5000FC95FD /* RatingProductResponse.swift */; };
		FA9681E22CE1DE9300FC95FD /* FavoriteService.swift in Sources */ = {isa = PBXBuildFile; fileRef = FA9681E12CE1DE9300FC95FD /* FavoriteService.swift */; };
		FA9681E42CE1DF4400FC95FD /* FavoriteViewModel.swift in Sources */ = {isa = PBXBuildFile; fileRef = FA9681E32CE1DF4400FC95FD /* FavoriteViewModel.swift */; };
		FA9681E62CE1ECB300FC95FD /* ProductFavoriteViewCell.swift in Sources */ = {isa = PBXBuildFile; fileRef = FA9681E52CE1ECB300FC95FD /* ProductFavoriteViewCell.swift */; };
		FA9681E82CE200AC00FC95FD /* Account.swift in Sources */ = {isa = PBXBuildFile; fileRef = FA9681E72CE200AC00FC95FD /* Account.swift */; };
		FA9681EA2CE2020100FC95FD /* AccountService.swift in Sources */ = {isa = PBXBuildFile; fileRef = FA9681E92CE2020100FC95FD /* AccountService.swift */; };
		FA9681EC2CE202DF00FC95FD /* AccountViewModel.swift in Sources */ = {isa = PBXBuildFile; fileRef = FA9681EB2CE202DF00FC95FD /* AccountViewModel.swift */; };
		FA9681EE2CE2194F00FC95FD /* OptionInAccountView.swift in Sources */ = {isa = PBXBuildFile; fileRef = FA9681ED2CE2194F00FC95FD /* OptionInAccountView.swift */; };
		FAA3BBD32CD3309400A2EFA8 /* SelectLocationViewModel.swift in Sources */ = {isa = PBXBuildFile; fileRef = FAA3BBD22CD3309400A2EFA8 /* SelectLocationViewModel.swift */; };
		FAA3BBD52CD342FD00A2EFA8 /* LoginViewModel.swift in Sources */ = {isa = PBXBuildFile; fileRef = FAA3BBD42CD342FD00A2EFA8 /* LoginViewModel.swift */; };
		FAA3BBD72CD3430F00A2EFA8 /* LoginService.swift in Sources */ = {isa = PBXBuildFile; fileRef = FAA3BBD62CD3430F00A2EFA8 /* LoginService.swift */; };
		FAA3BBD92CD34EB300A2EFA8 /* SignUpViewModel.swift in Sources */ = {isa = PBXBuildFile; fileRef = FAA3BBD82CD34EB300A2EFA8 /* SignUpViewModel.swift */; };
		FAA3BBDB2CD34F1D00A2EFA8 /* SignUpService.swift in Sources */ = {isa = PBXBuildFile; fileRef = FAA3BBDA2CD34F1D00A2EFA8 /* SignUpService.swift */; };
		FAA3BBDD2CD3581F00A2EFA8 /* ProductDetailViewModel.swift in Sources */ = {isa = PBXBuildFile; fileRef = FAA3BBDC2CD3581F00A2EFA8 /* ProductDetailViewModel.swift */; };
		FAA3BBDF2CD3584C00A2EFA8 /* ProductDetailService.swift in Sources */ = {isa = PBXBuildFile; fileRef = FAA3BBDE2CD3584C00A2EFA8 /* ProductDetailService.swift */; };
		FAAAB85B2CDF1C9300103C4C /* ProductCartViewCell.swift in Sources */ = {isa = PBXBuildFile; fileRef = FAAAB85A2CDF1C9300103C4C /* ProductCartViewCell.swift */; };
		FAAAB85D2CDF373600103C4C /* CartViewModel.swift in Sources */ = {isa = PBXBuildFile; fileRef = FAAAB85C2CDF373600103C4C /* CartViewModel.swift */; };
		FAAAB85F2CDF376700103C4C /* CartService.swift in Sources */ = {isa = PBXBuildFile; fileRef = FAAAB85E2CDF376700103C4C /* CartService.swift */; };
		FAADD7D82CD3C95D0067C5D9 /* CategoryProductViewCell.swift in Sources */ = {isa = PBXBuildFile; fileRef = FAADD7D72CD3C95D0067C5D9 /* CategoryProductViewCell.swift */; };
		FAADD7DA2CD4C6F30067C5D9 /* ExploreService.swift in Sources */ = {isa = PBXBuildFile; fileRef = FAADD7D92CD4C6F30067C5D9 /* ExploreService.swift */; };
		FAADD7DC2CD4C7000067C5D9 /* ExploreViewModel.swift in Sources */ = {isa = PBXBuildFile; fileRef = FAADD7DB2CD4C7000067C5D9 /* ExploreViewModel.swift */; };
		FAADD7DF2CD4C79D0067C5D9 /* CategoryProduct.swift in Sources */ = {isa = PBXBuildFile; fileRef = FAADD7DE2CD4C79D0067C5D9 /* CategoryProduct.swift */; };
		FAADD7E12CD4E69C0067C5D9 /* ProductsCategoryViewController.swift in Sources */ = {isa = PBXBuildFile; fileRef = FAADD7E02CD4E69C0067C5D9 /* ProductsCategoryViewController.swift */; };
		FAADD7E32CD4E8800067C5D9 /* ProductsCategoryViewModel.swift in Sources */ = {isa = PBXBuildFile; fileRef = FAADD7E22CD4E8800067C5D9 /* ProductsCategoryViewModel.swift */; };
		FAADD7E52CD4E8900067C5D9 /* ProductsCategoryService.swift in Sources */ = {isa = PBXBuildFile; fileRef = FAADD7E42CD4E8900067C5D9 /* ProductsCategoryService.swift */; };
		FAADD7E72CD4E9290067C5D9 /* Product.swift in Sources */ = {isa = PBXBuildFile; fileRef = FAADD7E62CD4E9290067C5D9 /* Product.swift */; };
		FAADD7E92CD518F20067C5D9 /* ProductViewCell.swift in Sources */ = {isa = PBXBuildFile; fileRef = FAADD7E82CD518F20067C5D9 /* ProductViewCell.swift */; };
		FAADD7EB2CD525D30067C5D9 /* Response.swift in Sources */ = {isa = PBXBuildFile; fileRef = FAADD7EA2CD525D30067C5D9 /* Response.swift */; };
		FAADD7ED2CD5BB230067C5D9 /* HomeScreenViewModel.swift in Sources */ = {isa = PBXBuildFile; fileRef = FAADD7EC2CD5BB230067C5D9 /* HomeScreenViewModel.swift */; };
		FAADD7EF2CD5BB390067C5D9 /* HomeScreenService.swift in Sources */ = {isa = PBXBuildFile; fileRef = FAADD7EE2CD5BB390067C5D9 /* HomeScreenService.swift */; };
		FAADD7F12CD5BC940067C5D9 /* ProductClassification.swift in Sources */ = {isa = PBXBuildFile; fileRef = FAADD7F02CD5BC940067C5D9 /* ProductClassification.swift */; };
		FABC7A9A2CC3F5D2005C5BCB /* Gilroy-Medium.ttf in Resources */ = {isa = PBXBuildFile; fileRef = FABC7A862CC3F5D2005C5BCB /* Gilroy-Medium.ttf */; };
		FABC7AA22CC3F5D2005C5BCB /* Gilroy-Regular.ttf in Resources */ = {isa = PBXBuildFile; fileRef = FABC7A8E2CC3F5D2005C5BCB /* Gilroy-Regular.ttf */; };
		FABC7AAA2CC3F5D2005C5BCB /* Gilroy-SemiBold.ttf in Resources */ = {isa = PBXBuildFile; fileRef = FABC7A962CC3F5D2005C5BCB /* Gilroy-SemiBold.ttf */; };
		FABC7AAB2CC3F5D2005C5BCB /* Gilroy-Bold.ttf in Resources */ = {isa = PBXBuildFile; fileRef = FABC7A972CC3F5D2005C5BCB /* Gilroy-Bold.ttf */; };
		FABC7AB02CC3F76C005C5BCB /* SignInViewController.swift in Sources */ = {isa = PBXBuildFile; fileRef = FABC7AAF2CC3F76C005C5BCB /* SignInViewController.swift */; };
		FADE3C642CE066E0007C594D /* PaddingLabel.swift in Sources */ = {isa = PBXBuildFile; fileRef = FADE3C632CE066E0007C594D /* PaddingLabel.swift */; };
		FADE3C662CE09719007C594D /* Cart.swift in Sources */ = {isa = PBXBuildFile; fileRef = FADE3C652CE09719007C594D /* Cart.swift */; };
		FAE32DB02CE3072700F1A822 /* CheckoutViewController.swift in Sources */ = {isa = PBXBuildFile; fileRef = FAE32DAF2CE3072700F1A822 /* CheckoutViewController.swift */; };
		FAE32DB22CE33F5300F1A822 /* OptionInCheckoutView.swift in Sources */ = {isa = PBXBuildFile; fileRef = FAE32DB12CE33F5300F1A822 /* OptionInCheckoutView.swift */; };
		FAE32DB42CE340A200F1A822 /* CheckoutService.swift in Sources */ = {isa = PBXBuildFile; fileRef = FAE32DB32CE340A200F1A822 /* CheckoutService.swift */; };
		FAE32DB62CE3414900F1A822 /* CheckoutViewModel.swift in Sources */ = {isa = PBXBuildFile; fileRef = FAE32DB52CE3414900F1A822 /* CheckoutViewModel.swift */; };
		FAE32DB82CE3621C00F1A822 /* OrderAcceptedViewController.swift in Sources */ = {isa = PBXBuildFile; fileRef = FAE32DB72CE3621C00F1A822 /* OrderAcceptedViewController.swift */; };
		FAE32DBA2CE3623200F1A822 /* OrderFailViewController.swift in Sources */ = {isa = PBXBuildFile; fileRef = FAE32DB92CE3623200F1A822 /* OrderFailViewController.swift */; };
		FAEB98252CD5CE2A00A3AA0A /* TokenResponse.swift in Sources */ = {isa = PBXBuildFile; fileRef = FAEB98242CD5CE2A00A3AA0A /* TokenResponse.swift */; };
		FAF2374D2CDDCEF10065317A /* AnimationLoadingView.swift in Sources */ = {isa = PBXBuildFile; fileRef = FAF2374C2CDDCEF10065317A /* AnimationLoadingView.swift */; };
/* End PBXBuildFile section */

/* Begin PBXFileReference section */
		21D15DD572DB9720CBD976E2 /* Pods-nectar-online.debug.xcconfig */ = {isa = PBXFileReference; includeInIndex = 1; lastKnownFileType = text.xcconfig; name = "Pods-nectar-online.debug.xcconfig"; path = "Target Support Files/Pods-nectar-online/Pods-nectar-online.debug.xcconfig"; sourceTree = "<group>"; };
		42B87CBF3045774A431A5249 /* Pods-nectar-online.release.xcconfig */ = {isa = PBXFileReference; includeInIndex = 1; lastKnownFileType = text.xcconfig; name = "Pods-nectar-online.release.xcconfig"; path = "Target Support Files/Pods-nectar-online/Pods-nectar-online.release.xcconfig"; sourceTree = "<group>"; };
		F635D03438D082902FFFCA11 /* Pods_nectar_online.framework */ = {isa = PBXFileReference; explicitFileType = wrapper.framework; includeInIndex = 0; path = Pods_nectar_online.framework; sourceTree = BUILT_PRODUCTS_DIR; };
		FA319A062CD1E07800ED31A6 /* CallAPI.swift */ = {isa = PBXFileReference; lastKnownFileType = sourcecode.swift; path = CallAPI.swift; sourceTree = "<group>"; };
		FA31EC202CC8EAA100ECE5D5 /* VerificationViewController.swift */ = {isa = PBXFileReference; lastKnownFileType = sourcecode.swift; path = VerificationViewController.swift; sourceTree = "<group>"; };
		FA31EC252CC91DD400ECE5D5 /* Implement.swift */ = {isa = PBXFileReference; lastKnownFileType = sourcecode.swift; path = Implement.swift; sourceTree = "<group>"; };
		FA328A3D2CC53DE10026E843 /* Extension.swift */ = {isa = PBXFileReference; lastKnownFileType = sourcecode.swift; path = Extension.swift; sourceTree = "<group>"; };
		FA328A422CC5479E0026E843 /* BlurView.swift */ = {isa = PBXFileReference; lastKnownFileType = sourcecode.swift; path = BlurView.swift; sourceTree = "<group>"; };
		FA328A462CC54EC00026E843 /* NumberViewController.swift */ = {isa = PBXFileReference; lastKnownFileType = sourcecode.swift; path = NumberViewController.swift; sourceTree = "<group>"; };
		FA3B6E4D2CC36D61004DD798 /* AppDelegate.swift */ = {isa = PBXFileReference; lastKnownFileType = sourcecode.swift; path = AppDelegate.swift; sourceTree = "<group>"; };
		FA3B6E4F2CC36D61004DD798 /* SceneDelegate.swift */ = {isa = PBXFileReference; lastKnownFileType = sourcecode.swift; path = SceneDelegate.swift; sourceTree = "<group>"; };
		FA3B6E512CC36D61004DD798 /* OnbordingViewController.swift */ = {isa = PBXFileReference; lastKnownFileType = sourcecode.swift; path = OnbordingViewController.swift; sourceTree = "<group>"; };
		FA3B6E562CC36D61004DD798 /* Assets.xcassets */ = {isa = PBXFileReference; lastKnownFileType = folder.assetcatalog; path = Assets.xcassets; sourceTree = "<group>"; };
		FA3B6E592CC36D61004DD798 /* Base */ = {isa = PBXFileReference; lastKnownFileType = file.storyboard; name = Base; path = Base.lproj/LaunchScreen.storyboard; sourceTree = "<group>"; };
		FA3B6E5B2CC36D61004DD798 /* Info.plist */ = {isa = PBXFileReference; lastKnownFileType = text.plist.xml; path = Info.plist; sourceTree = "<group>"; };
		FA3D74AE2CD5E083005487E4 /* Security.swift */ = {isa = PBXFileReference; lastKnownFileType = sourcecode.swift; path = Security.swift; sourceTree = "<group>"; };
		FA3D74B02CD5E557005487E4 /* NullResponse.swift */ = {isa = PBXFileReference; lastKnownFileType = sourcecode.swift; path = NullResponse.swift; sourceTree = "<group>"; };
		FA3D74B32CD63161005487E4 /* AppConfig.swift */ = {isa = PBXFileReference; lastKnownFileType = sourcecode.swift; path = AppConfig.swift; sourceTree = "<group>"; };
		FA3D74B52CD63A81005487E4 /* Image.swift */ = {isa = PBXFileReference; lastKnownFileType = sourcecode.swift; path = Image.swift; sourceTree = "<group>"; };
		FA489AF92CDC70D500FF52A3 /* NotifyRequireLoginViewController.swift */ = {isa = PBXFileReference; lastKnownFileType = sourcecode.swift; path = NotifyRequireLoginViewController.swift; sourceTree = "<group>"; };
		FA489AFD2CDC7C4200FF52A3 /* AppService.swift */ = {isa = PBXFileReference; lastKnownFileType = sourcecode.swift; path = AppService.swift; sourceTree = "<group>"; };
		FA489B012CDCB08200FF52A3 /* FavoriteProduct.swift */ = {isa = PBXFileReference; lastKnownFileType = sourcecode.swift; path = FavoriteProduct.swift; sourceTree = "<group>"; };
		FA489B032CDCBB8200FF52A3 /* AddProductToCartResponse.swift */ = {isa = PBXFileReference; lastKnownFileType = sourcecode.swift; path = AddProductToCartResponse.swift; sourceTree = "<group>"; };
		FA4F59132CCBC9F4009F09F1 /* FormControlView.swift */ = {isa = PBXFileReference; lastKnownFileType = sourcecode.swift; path = FormControlView.swift; sourceTree = "<group>"; };
		FA4F59162CCC82C7009F09F1 /* Validate.swift */ = {isa = PBXFileReference; lastKnownFileType = sourcecode.swift; path = Validate.swift; sourceTree = "<group>"; };
		FA4F59192CCC8410009F09F1 /* Constant.swift */ = {isa = PBXFileReference; lastKnownFileType = sourcecode.swift; path = Constant.swift; sourceTree = "<group>"; };
		FA4F591B2CCCC1DD009F09F1 /* ButtonView.swift */ = {isa = PBXFileReference; lastKnownFileType = sourcecode.swift; path = ButtonView.swift; sourceTree = "<group>"; };
		FA4F591D2CCCCD0F009F09F1 /* LogInViewController.swift */ = {isa = PBXFileReference; lastKnownFileType = sourcecode.swift; path = LogInViewController.swift; sourceTree = "<group>"; };
		FA4F591F2CCD357B009F09F1 /* SignUpViewController.swift */ = {isa = PBXFileReference; lastKnownFileType = sourcecode.swift; path = SignUpViewController.swift; sourceTree = "<group>"; };
		FA4F59212CCD4BBC009F09F1 /* HomeScreenViewController.swift */ = {isa = PBXFileReference; lastKnownFileType = sourcecode.swift; path = HomeScreenViewController.swift; sourceTree = "<group>"; };
		FA56ABD42CD0969E007836C2 /* ProductDetailViewController.swift */ = {isa = PBXFileReference; lastKnownFileType = sourcecode.swift; path = ProductDetailViewController.swift; sourceTree = "<group>"; };
		FA5F8A4D2CD6530F002F79D9 /* LoadImage.swift */ = {isa = PBXFileReference; lastKnownFileType = sourcecode.swift; path = LoadImage.swift; sourceTree = "<group>"; };
		FA75F24E2CDB95C400352D56 /* MainTabViewController.swift */ = {isa = PBXFileReference; lastKnownFileType = sourcecode.swift; path = MainTabViewController.swift; sourceTree = "<group>"; };
		FA7E09982CCA2848001FA9C3 /* SelectLocationViewController.swift */ = {isa = PBXFileReference; lastKnownFileType = sourcecode.swift; path = SelectLocationViewController.swift; sourceTree = "<group>"; };
		FA7FCB102CD9C68B00ED0C85 /* FilterViewController.swift */ = {isa = PBXFileReference; lastKnownFileType = sourcecode.swift; path = FilterViewController.swift; sourceTree = "<group>"; };
		FA7FCB122CDA087400ED0C85 /* CheckboxButton.swift */ = {isa = PBXFileReference; lastKnownFileType = sourcecode.swift; path = CheckboxButton.swift; sourceTree = "<group>"; };
		FA7FCB142CDA25D900ED0C85 /* FilterViewModel.swift */ = {isa = PBXFileReference; lastKnownFileType = sourcecode.swift; path = FilterViewModel.swift; sourceTree = "<group>"; };
		FA8D3BD42CD1E3C1005399F8 /* SelectLocationService.swift */ = {isa = PBXFileReference; lastKnownFileType = sourcecode.swift; path = SelectLocationService.swift; sourceTree = "<group>"; };
		FA8D3BD72CD1E541005399F8 /* Zone.swift */ = {isa = PBXFileReference; lastKnownFileType = sourcecode.swift; path = Zone.swift; sourceTree = "<group>"; };
		FA8D3BD92CD1E58F005399F8 /* Area.swift */ = {isa = PBXFileReference; lastKnownFileType = sourcecode.swift; path = Area.swift; sourceTree = "<group>"; };
		FA8D3BDB2CD1FC78005399F8 /* Picker.swift */ = {isa = PBXFileReference; lastKnownFileType = sourcecode.swift; path = Picker.swift; sourceTree = "<group>"; };
		FA952ADD2CCDE76E0077DFB6 /* ExploreViewController.swift */ = {isa = PBXFileReference; lastKnownFileType = sourcecode.swift; path = ExploreViewController.swift; sourceTree = "<group>"; };
		FA952ADF2CCDE84C0077DFB6 /* CartViewController.swift */ = {isa = PBXFileReference; lastKnownFileType = sourcecode.swift; path = CartViewController.swift; sourceTree = "<group>"; };
		FA952AE12CCDECC60077DFB6 /* FavoriteViewController.swift */ = {isa = PBXFileReference; lastKnownFileType = sourcecode.swift; path = FavoriteViewController.swift; sourceTree = "<group>"; };
		FA952AE32CCDECCE0077DFB6 /* AccountViewController.swift */ = {isa = PBXFileReference; lastKnownFileType = sourcecode.swift; path = AccountViewController.swift; sourceTree = "<group>"; };
		FA952AE52CCDF2D10077DFB6 /* CustomTabBar.swift */ = {isa = PBXFileReference; lastKnownFileType = sourcecode.swift; path = CustomTabBar.swift; sourceTree = "<group>"; };
		FA952AEB2CCE27010077DFB6 /* ProductClassificationView.swift */ = {isa = PBXFileReference; lastKnownFileType = sourcecode.swift; path = ProductClassificationView.swift; sourceTree = "<group>"; };
		FA952AED2CCE7C020077DFB6 /* ProductView.swift */ = {isa = PBXFileReference; lastKnownFileType = sourcecode.swift; path = ProductView.swift; sourceTree = "<group>"; };
		FA952AF02CCE91AD0077DFB6 /* DataTest.swift */ = {isa = PBXFileReference; lastKnownFileType = sourcecode.swift; path = DataTest.swift; sourceTree = "<group>"; };
		FA9681D92CE1A32A00FC95FD /* NotificationBanner.swift */ = {isa = PBXFileReference; lastKnownFileType = sourcecode.swift; path = NotificationBanner.swift; sourceTree = "<group>"; };
		FA9681DB2CE1A83300FC95FD /* UpdateQuantityProductInCartResponse.swift */ = {isa = PBXFileReference; lastKnownFileType = sourcecode.swift; path = UpdateQuantityProductInCartResponse.swift; sourceTree = "<group>"; };
		FA9681DD2CE1A90900FC95FD /* RemoveProductInCartResponse.swift */ = {isa = PBXFileReference; lastKnownFileType = sourcecode.swift; path = RemoveProductInCartResponse.swift; sourceTree = "<group>"; };
		FA9681DF2CE1BF5000FC95FD /* RatingProductResponse.swift */ = {isa = PBXFileReference; lastKnownFileType = sourcecode.swift; path = RatingProductResponse.swift; sourceTree = "<group>"; };
		FA9681E12CE1DE9300FC95FD /* FavoriteService.swift */ = {isa = PBXFileReference; lastKnownFileType = sourcecode.swift; path = FavoriteService.swift; sourceTree = "<group>"; };
		FA9681E32CE1DF4400FC95FD /* FavoriteViewModel.swift */ = {isa = PBXFileReference; lastKnownFileType = sourcecode.swift; path = FavoriteViewModel.swift; sourceTree = "<group>"; };
		FA9681E52CE1ECB300FC95FD /* ProductFavoriteViewCell.swift */ = {isa = PBXFileReference; lastKnownFileType = sourcecode.swift; path = ProductFavoriteViewCell.swift; sourceTree = "<group>"; };
		FA9681E72CE200AC00FC95FD /* Account.swift */ = {isa = PBXFileReference; lastKnownFileType = sourcecode.swift; path = Account.swift; sourceTree = "<group>"; };
		FA9681E92CE2020100FC95FD /* AccountService.swift */ = {isa = PBXFileReference; lastKnownFileType = sourcecode.swift; path = AccountService.swift; sourceTree = "<group>"; };
		FA9681EB2CE202DF00FC95FD /* AccountViewModel.swift */ = {isa = PBXFileReference; lastKnownFileType = sourcecode.swift; path = AccountViewModel.swift; sourceTree = "<group>"; };
		FA9681ED2CE2194F00FC95FD /* OptionInAccountView.swift */ = {isa = PBXFileReference; lastKnownFileType = sourcecode.swift; path = OptionInAccountView.swift; sourceTree = "<group>"; };
		FAA3BBD22CD3309400A2EFA8 /* SelectLocationViewModel.swift */ = {isa = PBXFileReference; lastKnownFileType = sourcecode.swift; path = SelectLocationViewModel.swift; sourceTree = "<group>"; };
		FAA3BBD42CD342FD00A2EFA8 /* LoginViewModel.swift */ = {isa = PBXFileReference; lastKnownFileType = sourcecode.swift; path = LoginViewModel.swift; sourceTree = "<group>"; };
		FAA3BBD62CD3430F00A2EFA8 /* LoginService.swift */ = {isa = PBXFileReference; lastKnownFileType = sourcecode.swift; path = LoginService.swift; sourceTree = "<group>"; };
		FAA3BBD82CD34EB300A2EFA8 /* SignUpViewModel.swift */ = {isa = PBXFileReference; lastKnownFileType = sourcecode.swift; path = SignUpViewModel.swift; sourceTree = "<group>"; };
		FAA3BBDA2CD34F1D00A2EFA8 /* SignUpService.swift */ = {isa = PBXFileReference; lastKnownFileType = sourcecode.swift; path = SignUpService.swift; sourceTree = "<group>"; };
		FAA3BBDC2CD3581F00A2EFA8 /* ProductDetailViewModel.swift */ = {isa = PBXFileReference; lastKnownFileType = sourcecode.swift; path = ProductDetailViewModel.swift; sourceTree = "<group>"; };
		FAA3BBDE2CD3584C00A2EFA8 /* ProductDetailService.swift */ = {isa = PBXFileReference; lastKnownFileType = sourcecode.swift; path = ProductDetailService.swift; sourceTree = "<group>"; };
		FAAAB85A2CDF1C9300103C4C /* ProductCartViewCell.swift */ = {isa = PBXFileReference; lastKnownFileType = sourcecode.swift; path = ProductCartViewCell.swift; sourceTree = "<group>"; };
		FAAAB85C2CDF373600103C4C /* CartViewModel.swift */ = {isa = PBXFileReference; lastKnownFileType = sourcecode.swift; path = CartViewModel.swift; sourceTree = "<group>"; };
		FAAAB85E2CDF376700103C4C /* CartService.swift */ = {isa = PBXFileReference; lastKnownFileType = sourcecode.swift; path = CartService.swift; sourceTree = "<group>"; };
		FAADD7D72CD3C95D0067C5D9 /* CategoryProductViewCell.swift */ = {isa = PBXFileReference; lastKnownFileType = sourcecode.swift; path = CategoryProductViewCell.swift; sourceTree = "<group>"; };
		FAADD7D92CD4C6F30067C5D9 /* ExploreService.swift */ = {isa = PBXFileReference; lastKnownFileType = sourcecode.swift; path = ExploreService.swift; sourceTree = "<group>"; };
		FAADD7DB2CD4C7000067C5D9 /* ExploreViewModel.swift */ = {isa = PBXFileReference; lastKnownFileType = sourcecode.swift; path = ExploreViewModel.swift; sourceTree = "<group>"; };
		FAADD7DE2CD4C79D0067C5D9 /* CategoryProduct.swift */ = {isa = PBXFileReference; lastKnownFileType = sourcecode.swift; path = CategoryProduct.swift; sourceTree = "<group>"; };
		FAADD7E02CD4E69C0067C5D9 /* ProductsCategoryViewController.swift */ = {isa = PBXFileReference; lastKnownFileType = sourcecode.swift; path = ProductsCategoryViewController.swift; sourceTree = "<group>"; };
		FAADD7E22CD4E8800067C5D9 /* ProductsCategoryViewModel.swift */ = {isa = PBXFileReference; lastKnownFileType = sourcecode.swift; path = ProductsCategoryViewModel.swift; sourceTree = "<group>"; };
		FAADD7E42CD4E8900067C5D9 /* ProductsCategoryService.swift */ = {isa = PBXFileReference; lastKnownFileType = sourcecode.swift; path = ProductsCategoryService.swift; sourceTree = "<group>"; };
		FAADD7E62CD4E9290067C5D9 /* Product.swift */ = {isa = PBXFileReference; lastKnownFileType = sourcecode.swift; path = Product.swift; sourceTree = "<group>"; };
		FAADD7E82CD518F20067C5D9 /* ProductViewCell.swift */ = {isa = PBXFileReference; lastKnownFileType = sourcecode.swift; path = ProductViewCell.swift; sourceTree = "<group>"; };
		FAADD7EA2CD525D30067C5D9 /* Response.swift */ = {isa = PBXFileReference; lastKnownFileType = sourcecode.swift; path = Response.swift; sourceTree = "<group>"; };
		FAADD7EC2CD5BB230067C5D9 /* HomeScreenViewModel.swift */ = {isa = PBXFileReference; lastKnownFileType = sourcecode.swift; path = HomeScreenViewModel.swift; sourceTree = "<group>"; };
		FAADD7EE2CD5BB390067C5D9 /* HomeScreenService.swift */ = {isa = PBXFileReference; lastKnownFileType = sourcecode.swift; path = HomeScreenService.swift; sourceTree = "<group>"; };
		FAADD7F02CD5BC940067C5D9 /* ProductClassification.swift */ = {isa = PBXFileReference; lastKnownFileType = sourcecode.swift; path = ProductClassification.swift; sourceTree = "<group>"; };
		FABC7A862CC3F5D2005C5BCB /* Gilroy-Medium.ttf */ = {isa = PBXFileReference; lastKnownFileType = file; path = "Gilroy-Medium.ttf"; sourceTree = "<group>"; };
		FABC7A8E2CC3F5D2005C5BCB /* Gilroy-Regular.ttf */ = {isa = PBXFileReference; lastKnownFileType = file; path = "Gilroy-Regular.ttf"; sourceTree = "<group>"; };
		FABC7A962CC3F5D2005C5BCB /* Gilroy-SemiBold.ttf */ = {isa = PBXFileReference; lastKnownFileType = file; path = "Gilroy-SemiBold.ttf"; sourceTree = "<group>"; };
		FABC7A972CC3F5D2005C5BCB /* Gilroy-Bold.ttf */ = {isa = PBXFileReference; lastKnownFileType = file; path = "Gilroy-Bold.ttf"; sourceTree = "<group>"; };
		FABC7AAF2CC3F76C005C5BCB /* SignInViewController.swift */ = {isa = PBXFileReference; lastKnownFileType = sourcecode.swift; path = SignInViewController.swift; sourceTree = "<group>"; };
		FABDD5A22CD65E1400AC88CD /* nectar-online.app */ = {isa = PBXFileReference; explicitFileType = wrapper.application; includeInIndex = 0; path = "nectar-online.app"; sourceTree = BUILT_PRODUCTS_DIR; };
		FADE3C632CE066E0007C594D /* PaddingLabel.swift */ = {isa = PBXFileReference; lastKnownFileType = sourcecode.swift; path = PaddingLabel.swift; sourceTree = "<group>"; };
		FADE3C652CE09719007C594D /* Cart.swift */ = {isa = PBXFileReference; lastKnownFileType = sourcecode.swift; path = Cart.swift; sourceTree = "<group>"; };
		FAE32DAF2CE3072700F1A822 /* CheckoutViewController.swift */ = {isa = PBXFileReference; lastKnownFileType = sourcecode.swift; path = CheckoutViewController.swift; sourceTree = "<group>"; };
		FAE32DB12CE33F5300F1A822 /* OptionInCheckoutView.swift */ = {isa = PBXFileReference; lastKnownFileType = sourcecode.swift; path = OptionInCheckoutView.swift; sourceTree = "<group>"; };
		FAE32DB32CE340A200F1A822 /* CheckoutService.swift */ = {isa = PBXFileReference; lastKnownFileType = sourcecode.swift; path = CheckoutService.swift; sourceTree = "<group>"; };
		FAE32DB52CE3414900F1A822 /* CheckoutViewModel.swift */ = {isa = PBXFileReference; lastKnownFileType = sourcecode.swift; path = CheckoutViewModel.swift; sourceTree = "<group>"; };
		FAE32DB72CE3621C00F1A822 /* OrderAcceptedViewController.swift */ = {isa = PBXFileReference; lastKnownFileType = sourcecode.swift; path = OrderAcceptedViewController.swift; sourceTree = "<group>"; };
		FAE32DB92CE3623200F1A822 /* OrderFailViewController.swift */ = {isa = PBXFileReference; lastKnownFileType = sourcecode.swift; path = OrderFailViewController.swift; sourceTree = "<group>"; };
		FAEB98242CD5CE2A00A3AA0A /* TokenResponse.swift */ = {isa = PBXFileReference; lastKnownFileType = sourcecode.swift; path = TokenResponse.swift; sourceTree = "<group>"; };
		FAF2374C2CDDCEF10065317A /* AnimationLoadingView.swift */ = {isa = PBXFileReference; lastKnownFileType = sourcecode.swift; path = AnimationLoadingView.swift; sourceTree = "<group>"; };
/* End PBXFileReference section */

/* Begin PBXFrameworksBuildPhase section */
		FA3B6E472CC36D61004DD798 /* Frameworks */ = {
			isa = PBXFrameworksBuildPhase;
			buildActionMask = 2147483647;
			files = (
				AA160226AB52DE5F3E81E764 /* Pods_nectar_online.framework in Frameworks */,
			);
			runOnlyForDeploymentPostprocessing = 0;
		};
/* End PBXFrameworksBuildPhase section */

/* Begin PBXGroup section */
		C39AC8A6874F53B5A60510CC /* Frameworks */ = {
			isa = PBXGroup;
			children = (
				F635D03438D082902FFFCA11 /* Pods_nectar_online.framework */,
			);
			name = Frameworks;
			sourceTree = "<group>";
		};
		F322314E3DDA29AA62101FD3 /* Pods */ = {
			isa = PBXGroup;
			children = (
				21D15DD572DB9720CBD976E2 /* Pods-nectar-online.debug.xcconfig */,
				42B87CBF3045774A431A5249 /* Pods-nectar-online.release.xcconfig */,
			);
			path = Pods;
			sourceTree = "<group>";
		};
		FA31EC232CC91D7B00ECE5D5 /* View */ = {
			isa = PBXGroup;
			children = (
				FA3B6E512CC36D61004DD798 /* OnbordingViewController.swift */,
				FABC7AAF2CC3F76C005C5BCB /* SignInViewController.swift */,
				FA328A462CC54EC00026E843 /* NumberViewController.swift */,
				FA31EC202CC8EAA100ECE5D5 /* VerificationViewController.swift */,
				FA7E09982CCA2848001FA9C3 /* SelectLocationViewController.swift */,
				FA4F591D2CCCCD0F009F09F1 /* LogInViewController.swift */,
				FA4F591F2CCD357B009F09F1 /* SignUpViewController.swift */,
				FA4F59212CCD4BBC009F09F1 /* HomeScreenViewController.swift */,
				FA56ABD42CD0969E007836C2 /* ProductDetailViewController.swift */,
				FA952ADD2CCDE76E0077DFB6 /* ExploreViewController.swift */,
				FAADD7E02CD4E69C0067C5D9 /* ProductsCategoryViewController.swift */,
				FA7FCB102CD9C68B00ED0C85 /* FilterViewController.swift */,
				FA952ADF2CCDE84C0077DFB6 /* CartViewController.swift */,
				FA952AE12CCDECC60077DFB6 /* FavoriteViewController.swift */,
				FA952AE32CCDECCE0077DFB6 /* AccountViewController.swift */,
				FAE32DAF2CE3072700F1A822 /* CheckoutViewController.swift */,
				FAE32DB72CE3621C00F1A822 /* OrderAcceptedViewController.swift */,
				FAE32DB92CE3623200F1A822 /* OrderFailViewController.swift */,
				FA489AF92CDC70D500FF52A3 /* NotifyRequireLoginViewController.swift */,
			);
			path = View;
			sourceTree = "<group>";
		};
		FA31EC242CC91DB400ECE5D5 /* Implement */ = {
			isa = PBXGroup;
			children = (
				FA31EC252CC91DD400ECE5D5 /* Implement.swift */,
			);
			path = Implement;
			sourceTree = "<group>";
		};
		FA328A3B2CC53D8F0026E843 /* Extension */ = {
			isa = PBXGroup;
			children = (
				FA328A3D2CC53DE10026E843 /* Extension.swift */,
			);
			path = Extension;
			sourceTree = "<group>";
		};
		FA3B6E412CC36D60004DD798 = {
			isa = PBXGroup;
			children = (
				FA3B6E4C2CC36D61004DD798 /* nectar-online */,
				FABDD5A22CD65E1400AC88CD /* nectar-online.app */,
				F322314E3DDA29AA62101FD3 /* Pods */,
				C39AC8A6874F53B5A60510CC /* Frameworks */,
			);
			sourceTree = "<group>";
		};
		FA3B6E4C2CC36D61004DD798 /* nectar-online */ = {
			isa = PBXGroup;
			children = (
				FA3B6E4D2CC36D61004DD798 /* AppDelegate.swift */,
				FA3B6E4F2CC36D61004DD798 /* SceneDelegate.swift */,
				FA75F24E2CDB95C400352D56 /* MainTabViewController.swift */,
				FABC7A842CC3F5D2005C5BCB /* Fonts */,
				FA3D74B22CD6314A005487E4 /* Config */,
				FA4F59152CCC82B4009F09F1 /* Core */,
				FA3D74AD2CD5E06A005487E4 /* Security */,
				FA328A3B2CC53D8F0026E843 /* Extension */,
				FAEB98232CD5CDEF00A3AA0A /* Response */,
				FA4F59122CCBC9C6009F09F1 /* Component */,
				FA31EC242CC91DB400ECE5D5 /* Implement */,
				FA8D3BD62CD1E521005399F8 /* Model */,
				FA31EC232CC91D7B00ECE5D5 /* View */,
				FAA3BBD02CD32FD300A2EFA8 /* ViewModel */,
				FA8D3BD32CD1E386005399F8 /* Services */,
				FA3B6E562CC36D61004DD798 /* Assets.xcassets */,
				FA3B6E582CC36D61004DD798 /* LaunchScreen.storyboard */,
				FA3B6E5B2CC36D61004DD798 /* Info.plist */,
			);
			path = "nectar-online";
			sourceTree = "<group>";
		};
		FA3D74AD2CD5E06A005487E4 /* Security */ = {
			isa = PBXGroup;
			children = (
				FA3D74AE2CD5E083005487E4 /* Security.swift */,
			);
			path = Security;
			sourceTree = "<group>";
		};
		FA3D74B22CD6314A005487E4 /* Config */ = {
			isa = PBXGroup;
			children = (
				FA3D74B32CD63161005487E4 /* AppConfig.swift */,
			);
			path = Config;
			sourceTree = "<group>";
		};
		FA4F59122CCBC9C6009F09F1 /* Component */ = {
			isa = PBXGroup;
			children = (
				FA328A422CC5479E0026E843 /* BlurView.swift */,
				FAF2374C2CDDCEF10065317A /* AnimationLoadingView.swift */,
				FA4F59132CCBC9F4009F09F1 /* FormControlView.swift */,
				FA4F591B2CCCC1DD009F09F1 /* ButtonView.swift */,
				FA952AE52CCDF2D10077DFB6 /* CustomTabBar.swift */,
				FA952AEB2CCE27010077DFB6 /* ProductClassificationView.swift */,
				FA952AED2CCE7C020077DFB6 /* ProductView.swift */,
				FAADD7D72CD3C95D0067C5D9 /* CategoryProductViewCell.swift */,
				FAADD7E82CD518F20067C5D9 /* ProductViewCell.swift */,
				FA7FCB122CDA087400ED0C85 /* CheckboxButton.swift */,
				FAAAB85A2CDF1C9300103C4C /* ProductCartViewCell.swift */,
				FADE3C632CE066E0007C594D /* PaddingLabel.swift */,
				FA9681D92CE1A32A00FC95FD /* NotificationBanner.swift */,
				FA9681E52CE1ECB300FC95FD /* ProductFavoriteViewCell.swift */,
				FA9681ED2CE2194F00FC95FD /* OptionInAccountView.swift */,
				FAE32DB12CE33F5300F1A822 /* OptionInCheckoutView.swift */,
			);
			path = Component;
			sourceTree = "<group>";
		};
		FA4F59152CCC82B4009F09F1 /* Core */ = {
			isa = PBXGroup;
			children = (
				FA4F59192CCC8410009F09F1 /* Constant.swift */,
				FA4F59162CCC82C7009F09F1 /* Validate.swift */,
				FA952AF02CCE91AD0077DFB6 /* DataTest.swift */,
				FA319A062CD1E07800ED31A6 /* CallAPI.swift */,
				FAADD7EA2CD525D30067C5D9 /* Response.swift */,
				FA5F8A4D2CD6530F002F79D9 /* LoadImage.swift */,
			);
			path = Core;
			sourceTree = "<group>";
		};
		FA8D3BD32CD1E386005399F8 /* Services */ = {
			isa = PBXGroup;
			children = (
				FA489AFD2CDC7C4200FF52A3 /* AppService.swift */,
				FA8D3BD42CD1E3C1005399F8 /* SelectLocationService.swift */,
				FAA3BBD62CD3430F00A2EFA8 /* LoginService.swift */,
				FAA3BBDA2CD34F1D00A2EFA8 /* SignUpService.swift */,
				FAADD7EE2CD5BB390067C5D9 /* HomeScreenService.swift */,
				FAA3BBDE2CD3584C00A2EFA8 /* ProductDetailService.swift */,
				FAADD7D92CD4C6F30067C5D9 /* ExploreService.swift */,
				FAADD7E42CD4E8900067C5D9 /* ProductsCategoryService.swift */,
				FAAAB85E2CDF376700103C4C /* CartService.swift */,
				FA9681E12CE1DE9300FC95FD /* FavoriteService.swift */,
				FA9681E92CE2020100FC95FD /* AccountService.swift */,
				FAE32DB32CE340A200F1A822 /* CheckoutService.swift */,
			);
			path = Services;
			sourceTree = "<group>";
		};
		FA8D3BD62CD1E521005399F8 /* Model */ = {
			isa = PBXGroup;
			children = (
				FA8D3BDB2CD1FC78005399F8 /* Picker.swift */,
				FA8D3BD72CD1E541005399F8 /* Zone.swift */,
				FA8D3BD92CD1E58F005399F8 /* Area.swift */,
				FA3D74B52CD63A81005487E4 /* Image.swift */,
				FAADD7E62CD4E9290067C5D9 /* Product.swift */,
				FAADD7F02CD5BC940067C5D9 /* ProductClassification.swift */,
				FAADD7DE2CD4C79D0067C5D9 /* CategoryProduct.swift */,
				FADE3C652CE09719007C594D /* Cart.swift */,
				FA9681E72CE200AC00FC95FD /* Account.swift */,
			);
			path = Model;
			sourceTree = "<group>";
		};
		FAA3BBD02CD32FD300A2EFA8 /* ViewModel */ = {
			isa = PBXGroup;
			children = (
				FAA3BBD22CD3309400A2EFA8 /* SelectLocationViewModel.swift */,
				FAA3BBD42CD342FD00A2EFA8 /* LoginViewModel.swift */,
				FAA3BBD82CD34EB300A2EFA8 /* SignUpViewModel.swift */,
				FAADD7EC2CD5BB230067C5D9 /* HomeScreenViewModel.swift */,
				FAA3BBDC2CD3581F00A2EFA8 /* ProductDetailViewModel.swift */,
				FAADD7DB2CD4C7000067C5D9 /* ExploreViewModel.swift */,
				FAADD7E22CD4E8800067C5D9 /* ProductsCategoryViewModel.swift */,
				FA7FCB142CDA25D900ED0C85 /* FilterViewModel.swift */,
				FAAAB85C2CDF373600103C4C /* CartViewModel.swift */,
				FA9681E32CE1DF4400FC95FD /* FavoriteViewModel.swift */,
				FA9681EB2CE202DF00FC95FD /* AccountViewModel.swift */,
				FAE32DB52CE3414900F1A822 /* CheckoutViewModel.swift */,
			);
			path = ViewModel;
			sourceTree = "<group>";
		};
		FABC7A842CC3F5D2005C5BCB /* Fonts */ = {
			isa = PBXGroup;
			children = (
				FABC7A862CC3F5D2005C5BCB /* Gilroy-Medium.ttf */,
				FABC7A8E2CC3F5D2005C5BCB /* Gilroy-Regular.ttf */,
				FABC7A962CC3F5D2005C5BCB /* Gilroy-SemiBold.ttf */,
				FABC7A972CC3F5D2005C5BCB /* Gilroy-Bold.ttf */,
			);
			path = Fonts;
			sourceTree = "<group>";
		};
		FAEB98232CD5CDEF00A3AA0A /* Response */ = {
			isa = PBXGroup;
			children = (
				FAEB98242CD5CE2A00A3AA0A /* TokenResponse.swift */,
				FA3D74B02CD5E557005487E4 /* NullResponse.swift */,
				FA489B012CDCB08200FF52A3 /* FavoriteProduct.swift */,
				FA9681DF2CE1BF5000FC95FD /* RatingProductResponse.swift */,
				FA489B032CDCBB8200FF52A3 /* AddProductToCartResponse.swift */,
				FA9681DB2CE1A83300FC95FD /* UpdateQuantityProductInCartResponse.swift */,
				FA9681DD2CE1A90900FC95FD /* RemoveProductInCartResponse.swift */,
			);
			path = Response;
			sourceTree = "<group>";
		};
/* End PBXGroup section */

/* Begin PBXNativeTarget section */
		FA3B6E492CC36D61004DD798 /* nectar-online */ = {
			isa = PBXNativeTarget;
			buildConfigurationList = FA3B6E5E2CC36D61004DD798 /* Build configuration list for PBXNativeTarget "nectar-online" */;
			buildPhases = (
				9A2E03FF17C295B3DF43ADC0 /* [CP] Check Pods Manifest.lock */,
				FA3B6E462CC36D61004DD798 /* Sources */,
				FA3B6E472CC36D61004DD798 /* Frameworks */,
				FA3B6E482CC36D61004DD798 /* Resources */,
				09FC17DF255CAD456E522B36 /* [CP] Embed Pods Frameworks */,
			);
			buildRules = (
			);
			dependencies = (
			);
			name = "nectar-online";
			packageProductDependencies = (
			);
			productName = "nectar-online";
			productReference = FABDD5A22CD65E1400AC88CD /* nectar-online.app */;
			productType = "com.apple.product-type.application";
		};
/* End PBXNativeTarget section */

/* Begin PBXProject section */
		FA3B6E422CC36D60004DD798 /* Project object */ = {
			isa = PBXProject;
			attributes = {
				BuildIndependentTargetsInParallel = 1;
				LastSwiftUpdateCheck = 1420;
				LastUpgradeCheck = 1420;
				TargetAttributes = {
					FA3B6E492CC36D61004DD798 = {
						CreatedOnToolsVersion = 14.2;
					};
				};
			};
			buildConfigurationList = FA3B6E452CC36D60004DD798 /* Build configuration list for PBXProject "nectar-online" */;
			compatibilityVersion = "Xcode 14.0";
			developmentRegion = en;
			hasScannedForEncodings = 0;
			knownRegions = (
				en,
				Base,
			);
			mainGroup = FA3B6E412CC36D60004DD798;
			packageReferences = (
			);
			productRefGroup = FA3B6E412CC36D60004DD798;
			projectDirPath = "";
			projectRoot = "";
			targets = (
				FA3B6E492CC36D61004DD798 /* nectar-online */,
			);
		};
/* End PBXProject section */

/* Begin PBXResourcesBuildPhase section */
		FA3B6E482CC36D61004DD798 /* Resources */ = {
			isa = PBXResourcesBuildPhase;
			buildActionMask = 2147483647;
			files = (
				FABC7AAB2CC3F5D2005C5BCB /* Gilroy-Bold.ttf in Resources */,
				FA3B6E5A2CC36D61004DD798 /* LaunchScreen.storyboard in Resources */,
				FABC7A9A2CC3F5D2005C5BCB /* Gilroy-Medium.ttf in Resources */,
				FABC7AA22CC3F5D2005C5BCB /* Gilroy-Regular.ttf in Resources */,
				FA3B6E572CC36D61004DD798 /* Assets.xcassets in Resources */,
				FABC7AAA2CC3F5D2005C5BCB /* Gilroy-SemiBold.ttf in Resources */,
			);
			runOnlyForDeploymentPostprocessing = 0;
		};
/* End PBXResourcesBuildPhase section */

/* Begin PBXShellScriptBuildPhase section */
		09FC17DF255CAD456E522B36 /* [CP] Embed Pods Frameworks */ = {
			isa = PBXShellScriptBuildPhase;
			buildActionMask = 2147483647;
			files = (
			);
			inputFileListPaths = (
				"${PODS_ROOT}/Target Support Files/Pods-nectar-online/Pods-nectar-online-frameworks-${CONFIGURATION}-input-files.xcfilelist",
			);
			name = "[CP] Embed Pods Frameworks";
			outputFileListPaths = (
				"${PODS_ROOT}/Target Support Files/Pods-nectar-online/Pods-nectar-online-frameworks-${CONFIGURATION}-output-files.xcfilelist",
			);
			runOnlyForDeploymentPostprocessing = 0;
			shellPath = /bin/sh;
			shellScript = "\"${PODS_ROOT}/Target Support Files/Pods-nectar-online/Pods-nectar-online-frameworks.sh\"\n";
			showEnvVarsInLog = 0;
		};
		9A2E03FF17C295B3DF43ADC0 /* [CP] Check Pods Manifest.lock */ = {
			isa = PBXShellScriptBuildPhase;
			buildActionMask = 2147483647;
			files = (
			);
			inputFileListPaths = (
			);
			inputPaths = (
				"${PODS_PODFILE_DIR_PATH}/Podfile.lock",
				"${PODS_ROOT}/Manifest.lock",
			);
			name = "[CP] Check Pods Manifest.lock";
			outputFileListPaths = (
			);
			outputPaths = (
				"$(DERIVED_FILE_DIR)/Pods-nectar-online-checkManifestLockResult.txt",
			);
			runOnlyForDeploymentPostprocessing = 0;
			shellPath = /bin/sh;
			shellScript = "diff \"${PODS_PODFILE_DIR_PATH}/Podfile.lock\" \"${PODS_ROOT}/Manifest.lock\" > /dev/null\nif [ $? != 0 ] ; then\n    # print error to STDERR\n    echo \"error: The sandbox is not in sync with the Podfile.lock. Run 'pod install' or update your CocoaPods installation.\" >&2\n    exit 1\nfi\n# This output is used by Xcode 'outputs' to avoid re-running this script phase.\necho \"SUCCESS\" > \"${SCRIPT_OUTPUT_FILE_0}\"\n";
			showEnvVarsInLog = 0;
		};
/* End PBXShellScriptBuildPhase section */

/* Begin PBXSourcesBuildPhase section */
		FA3B6E462CC36D61004DD798 /* Sources */ = {
			isa = PBXSourcesBuildPhase;
			buildActionMask = 2147483647;
			files = (
				FAADD7E52CD4E8900067C5D9 /* ProductsCategoryService.swift in Sources */,
				FA4F59222CCD4BBC009F09F1 /* HomeScreenViewController.swift in Sources */,
				FAADD7E12CD4E69C0067C5D9 /* ProductsCategoryViewController.swift in Sources */,
				FA5F8A4E2CD6530F002F79D9 /* LoadImage.swift in Sources */,
				FA31EC212CC8EAA100ECE5D5 /* VerificationViewController.swift in Sources */,
				FA7FCB112CD9C68B00ED0C85 /* FilterViewController.swift in Sources */,
				FA952AE42CCDECCE0077DFB6 /* AccountViewController.swift in Sources */,
				FA31EC262CC91DD400ECE5D5 /* Implement.swift in Sources */,
				FA952AE02CCDE84C0077DFB6 /* CartViewController.swift in Sources */,
				FAE32DB62CE3414900F1A822 /* CheckoutViewModel.swift in Sources */,
				FA9681EA2CE2020100FC95FD /* AccountService.swift in Sources */,
				FAAAB85D2CDF373600103C4C /* CartViewModel.swift in Sources */,
				FAADD7E92CD518F20067C5D9 /* ProductViewCell.swift in Sources */,
				FA7FCB132CDA087400ED0C85 /* CheckboxButton.swift in Sources */,
				FAE32DB42CE340A200F1A822 /* CheckoutService.swift in Sources */,
				FA9681E42CE1DF4400FC95FD /* FavoriteViewModel.swift in Sources */,
				FA9681EC2CE202DF00FC95FD /* AccountViewModel.swift in Sources */,
				FAADD7F12CD5BC940067C5D9 /* ProductClassification.swift in Sources */,
				FA952AF12CCE91AD0077DFB6 /* DataTest.swift in Sources */,
				FA952AEC2CCE27010077DFB6 /* ProductClassificationView.swift in Sources */,
				FA328A3E2CC53DE10026E843 /* Extension.swift in Sources */,
				FA489AFA2CDC70D500FF52A3 /* NotifyRequireLoginViewController.swift in Sources */,
				FA8D3BD52CD1E3C1005399F8 /* SelectLocationService.swift in Sources */,
				FA9681E62CE1ECB300FC95FD /* ProductFavoriteViewCell.swift in Sources */,
				FA4F59172CCC82C7009F09F1 /* Validate.swift in Sources */,
				FAADD7DC2CD4C7000067C5D9 /* ExploreViewModel.swift in Sources */,
				FAADD7DF2CD4C79D0067C5D9 /* CategoryProduct.swift in Sources */,
				FAE32DB22CE33F5300F1A822 /* OptionInCheckoutView.swift in Sources */,
				FAA3BBD52CD342FD00A2EFA8 /* LoginViewModel.swift in Sources */,
				FA3D74B42CD63161005487E4 /* AppConfig.swift in Sources */,
				FAA3BBDD2CD3581F00A2EFA8 /* ProductDetailViewModel.swift in Sources */,
				FA7FCB152CDA25D900ED0C85 /* FilterViewModel.swift in Sources */,
				FA3D74AF2CD5E083005487E4 /* Security.swift in Sources */,
				FAADD7D82CD3C95D0067C5D9 /* CategoryProductViewCell.swift in Sources */,
				FAEB98252CD5CE2A00A3AA0A /* TokenResponse.swift in Sources */,
				FA8D3BDA2CD1E58F005399F8 /* Area.swift in Sources */,
				FA7E09992CCA2848001FA9C3 /* SelectLocationViewController.swift in Sources */,
				FAE32DBA2CE3623200F1A822 /* OrderFailViewController.swift in Sources */,
				FA489AFE2CDC7C4200FF52A3 /* AppService.swift in Sources */,
				FAF2374D2CDDCEF10065317A /* AnimationLoadingView.swift in Sources */,
				FA3D74B12CD5E557005487E4 /* NullResponse.swift in Sources */,
				FAE32DB82CE3621C00F1A822 /* OrderAcceptedViewController.swift in Sources */,
				FABC7AB02CC3F76C005C5BCB /* SignInViewController.swift in Sources */,
				FA4F591C2CCCC1DD009F09F1 /* ButtonView.swift in Sources */,
				FA3B6E522CC36D61004DD798 /* OnbordingViewController.swift in Sources */,
				FAADD7EB2CD525D30067C5D9 /* Response.swift in Sources */,
				FA4F591E2CCCCD0F009F09F1 /* LogInViewController.swift in Sources */,
				FA3D74B62CD63A81005487E4 /* Image.swift in Sources */,
				FA8D3BD82CD1E541005399F8 /* Zone.swift in Sources */,
				FA3B6E4E2CC36D61004DD798 /* AppDelegate.swift in Sources */,
				FA9681EE2CE2194F00FC95FD /* OptionInAccountView.swift in Sources */,
				FA489B022CDCB08200FF52A3 /* FavoriteProduct.swift in Sources */,
				FA9681E02CE1BF5000FC95FD /* RatingProductResponse.swift in Sources */,
				FA9681DC2CE1A83300FC95FD /* UpdateQuantityProductInCartResponse.swift in Sources */,
				FA4F59202CCD357B009F09F1 /* SignUpViewController.swift in Sources */,
				FA952AE62CCDF2D10077DFB6 /* CustomTabBar.swift in Sources */,
				FAA3BBDF2CD3584C00A2EFA8 /* ProductDetailService.swift in Sources */,
				FA9681DE2CE1A90900FC95FD /* RemoveProductInCartResponse.swift in Sources */,
				FA75F24F2CDB95C400352D56 /* MainTabViewController.swift in Sources */,
				FAA3BBD92CD34EB300A2EFA8 /* SignUpViewModel.swift in Sources */,
				FA56ABD52CD0969E007836C2 /* ProductDetailViewController.swift in Sources */,
				FA489B042CDCBB8200FF52A3 /* AddProductToCartResponse.swift in Sources */,
				FAADD7ED2CD5BB230067C5D9 /* HomeScreenViewModel.swift in Sources */,
				FA952AEE2CCE7C020077DFB6 /* ProductView.swift in Sources */,
				FAADD7EF2CD5BB390067C5D9 /* HomeScreenService.swift in Sources */,
				FA328A432CC5479E0026E843 /* BlurView.swift in Sources */,
				FA8D3BDC2CD1FC78005399F8 /* Picker.swift in Sources */,
				FA952AE22CCDECC60077DFB6 /* FavoriteViewController.swift in Sources */,
				FAA3BBDB2CD34F1D00A2EFA8 /* SignUpService.swift in Sources */,
				FAA3BBD72CD3430F00A2EFA8 /* LoginService.swift in Sources */,
				FA4F591A2CCC8410009F09F1 /* Constant.swift in Sources */,
				FADE3C642CE066E0007C594D /* PaddingLabel.swift in Sources */,
				FAAAB85B2CDF1C9300103C4C /* ProductCartViewCell.swift in Sources */,
				FA9681DA2CE1A32A00FC95FD /* NotificationBanner.swift in Sources */,
				FAADD7E32CD4E8800067C5D9 /* ProductsCategoryViewModel.swift in Sources */,
				FA9681E82CE200AC00FC95FD /* Account.swift in Sources */,
				FAA3BBD32CD3309400A2EFA8 /* SelectLocationViewModel.swift in Sources */,
				FAADD7E72CD4E9290067C5D9 /* Product.swift in Sources */,
				FAAAB85F2CDF376700103C4C /* CartService.swift in Sources */,
				FA952ADE2CCDE76E0077DFB6 /* ExploreViewController.swift in Sources */,
				FAE32DB02CE3072700F1A822 /* CheckoutViewController.swift in Sources */,
				FA9681E22CE1DE9300FC95FD /* FavoriteService.swift in Sources */,
				FADE3C662CE09719007C594D /* Cart.swift in Sources */,
				FA328A472CC54EC00026E843 /* NumberViewController.swift in Sources */,
				FA4F59142CCBC9F4009F09F1 /* FormControlView.swift in Sources */,
				FA3B6E502CC36D61004DD798 /* SceneDelegate.swift in Sources */,
				FA319A072CD1E07800ED31A6 /* CallAPI.swift in Sources */,
				FAADD7DA2CD4C6F30067C5D9 /* ExploreService.swift in Sources */,
			);
			runOnlyForDeploymentPostprocessing = 0;
		};
/* End PBXSourcesBuildPhase section */

/* Begin PBXVariantGroup section */
		FA3B6E582CC36D61004DD798 /* LaunchScreen.storyboard */ = {
			isa = PBXVariantGroup;
			children = (
				FA3B6E592CC36D61004DD798 /* Base */,
			);
			name = LaunchScreen.storyboard;
			sourceTree = "<group>";
		};
/* End PBXVariantGroup section */

/* Begin XCBuildConfiguration section */
		FA3B6E5C2CC36D61004DD798 /* Debug */ = {
			isa = XCBuildConfiguration;
			buildSettings = {
				ALWAYS_SEARCH_USER_PATHS = NO;
				CLANG_ANALYZER_NONNULL = YES;
				CLANG_ANALYZER_NUMBER_OBJECT_CONVERSION = YES_AGGRESSIVE;
				CLANG_CXX_LANGUAGE_STANDARD = "gnu++20";
				CLANG_ENABLE_MODULES = YES;
				CLANG_ENABLE_OBJC_ARC = YES;
				CLANG_ENABLE_OBJC_WEAK = YES;
				CLANG_WARN_BLOCK_CAPTURE_AUTORELEASING = YES;
				CLANG_WARN_BOOL_CONVERSION = YES;
				CLANG_WARN_COMMA = YES;
				CLANG_WARN_CONSTANT_CONVERSION = YES;
				CLANG_WARN_DEPRECATED_OBJC_IMPLEMENTATIONS = YES;
				CLANG_WARN_DIRECT_OBJC_ISA_USAGE = YES_ERROR;
				CLANG_WARN_DOCUMENTATION_COMMENTS = YES;
				CLANG_WARN_EMPTY_BODY = YES;
				CLANG_WARN_ENUM_CONVERSION = YES;
				CLANG_WARN_INFINITE_RECURSION = YES;
				CLANG_WARN_INT_CONVERSION = YES;
				CLANG_WARN_NON_LITERAL_NULL_CONVERSION = YES;
				CLANG_WARN_OBJC_IMPLICIT_RETAIN_SELF = YES;
				CLANG_WARN_OBJC_LITERAL_CONVERSION = YES;
				CLANG_WARN_OBJC_ROOT_CLASS = YES_ERROR;
				CLANG_WARN_QUOTED_INCLUDE_IN_FRAMEWORK_HEADER = YES;
				CLANG_WARN_RANGE_LOOP_ANALYSIS = YES;
				CLANG_WARN_STRICT_PROTOTYPES = YES;
				CLANG_WARN_SUSPICIOUS_MOVE = YES;
				CLANG_WARN_UNGUARDED_AVAILABILITY = YES_AGGRESSIVE;
				CLANG_WARN_UNREACHABLE_CODE = YES;
				CLANG_WARN__DUPLICATE_METHOD_MATCH = YES;
				COPY_PHASE_STRIP = NO;
				DEBUG_INFORMATION_FORMAT = dwarf;
				ENABLE_STRICT_OBJC_MSGSEND = YES;
				ENABLE_TESTABILITY = YES;
				GCC_C_LANGUAGE_STANDARD = gnu11;
				GCC_DYNAMIC_NO_PIC = NO;
				GCC_NO_COMMON_BLOCKS = YES;
				GCC_OPTIMIZATION_LEVEL = 0;
				GCC_PREPROCESSOR_DEFINITIONS = (
					"DEBUG=1",
					"$(inherited)",
				);
				GCC_WARN_64_TO_32_BIT_CONVERSION = YES;
				GCC_WARN_ABOUT_RETURN_TYPE = YES_ERROR;
				GCC_WARN_UNDECLARED_SELECTOR = YES;
				GCC_WARN_UNINITIALIZED_AUTOS = YES_AGGRESSIVE;
				GCC_WARN_UNUSED_FUNCTION = YES;
				GCC_WARN_UNUSED_VARIABLE = YES;
				IPHONEOS_DEPLOYMENT_TARGET = 16.2;
				MTL_ENABLE_DEBUG_INFO = INCLUDE_SOURCE;
				MTL_FAST_MATH = YES;
				ONLY_ACTIVE_ARCH = YES;
				SDKROOT = iphoneos;
				SWIFT_ACTIVE_COMPILATION_CONDITIONS = DEBUG;
				SWIFT_OPTIMIZATION_LEVEL = "-Onone";
			};
			name = Debug;
		};
		FA3B6E5D2CC36D61004DD798 /* Release */ = {
			isa = XCBuildConfiguration;
			buildSettings = {
				ALWAYS_SEARCH_USER_PATHS = NO;
				CLANG_ANALYZER_NONNULL = YES;
				CLANG_ANALYZER_NUMBER_OBJECT_CONVERSION = YES_AGGRESSIVE;
				CLANG_CXX_LANGUAGE_STANDARD = "gnu++20";
				CLANG_ENABLE_MODULES = YES;
				CLANG_ENABLE_OBJC_ARC = YES;
				CLANG_ENABLE_OBJC_WEAK = YES;
				CLANG_WARN_BLOCK_CAPTURE_AUTORELEASING = YES;
				CLANG_WARN_BOOL_CONVERSION = YES;
				CLANG_WARN_COMMA = YES;
				CLANG_WARN_CONSTANT_CONVERSION = YES;
				CLANG_WARN_DEPRECATED_OBJC_IMPLEMENTATIONS = YES;
				CLANG_WARN_DIRECT_OBJC_ISA_USAGE = YES_ERROR;
				CLANG_WARN_DOCUMENTATION_COMMENTS = YES;
				CLANG_WARN_EMPTY_BODY = YES;
				CLANG_WARN_ENUM_CONVERSION = YES;
				CLANG_WARN_INFINITE_RECURSION = YES;
				CLANG_WARN_INT_CONVERSION = YES;
				CLANG_WARN_NON_LITERAL_NULL_CONVERSION = YES;
				CLANG_WARN_OBJC_IMPLICIT_RETAIN_SELF = YES;
				CLANG_WARN_OBJC_LITERAL_CONVERSION = YES;
				CLANG_WARN_OBJC_ROOT_CLASS = YES_ERROR;
				CLANG_WARN_QUOTED_INCLUDE_IN_FRAMEWORK_HEADER = YES;
				CLANG_WARN_RANGE_LOOP_ANALYSIS = YES;
				CLANG_WARN_STRICT_PROTOTYPES = YES;
				CLANG_WARN_SUSPICIOUS_MOVE = YES;
				CLANG_WARN_UNGUARDED_AVAILABILITY = YES_AGGRESSIVE;
				CLANG_WARN_UNREACHABLE_CODE = YES;
				CLANG_WARN__DUPLICATE_METHOD_MATCH = YES;
				COPY_PHASE_STRIP = NO;
				DEBUG_INFORMATION_FORMAT = "dwarf-with-dsym";
				ENABLE_NS_ASSERTIONS = NO;
				ENABLE_STRICT_OBJC_MSGSEND = YES;
				GCC_C_LANGUAGE_STANDARD = gnu11;
				GCC_NO_COMMON_BLOCKS = YES;
				GCC_WARN_64_TO_32_BIT_CONVERSION = YES;
				GCC_WARN_ABOUT_RETURN_TYPE = YES_ERROR;
				GCC_WARN_UNDECLARED_SELECTOR = YES;
				GCC_WARN_UNINITIALIZED_AUTOS = YES_AGGRESSIVE;
				GCC_WARN_UNUSED_FUNCTION = YES;
				GCC_WARN_UNUSED_VARIABLE = YES;
				IPHONEOS_DEPLOYMENT_TARGET = 16.2;
				MTL_ENABLE_DEBUG_INFO = NO;
				MTL_FAST_MATH = YES;
				SDKROOT = iphoneos;
				SWIFT_COMPILATION_MODE = wholemodule;
				SWIFT_OPTIMIZATION_LEVEL = "-O";
				VALIDATE_PRODUCT = YES;
			};
			name = Release;
		};
		FA3B6E5F2CC36D61004DD798 /* Debug */ = {
			isa = XCBuildConfiguration;
			baseConfigurationReference = 21D15DD572DB9720CBD976E2 /* Pods-nectar-online.debug.xcconfig */;
			buildSettings = {
				ASSETCATALOG_COMPILER_APPICON_NAME = AppIcon;
				ASSETCATALOG_COMPILER_GLOBAL_ACCENT_COLOR_NAME = AccentColor;
				CODE_SIGN_STYLE = Automatic;
				CURRENT_PROJECT_VERSION = 1;
				DEVELOPMENT_TEAM = 2C5DNYDK64;
				GENERATE_INFOPLIST_FILE = YES;
				INFOPLIST_FILE = "nectar-online/Info.plist";
				INFOPLIST_KEY_UIApplicationSupportsIndirectInputEvents = YES;
				INFOPLIST_KEY_UILaunchStoryboardName = LaunchScreen;
				INFOPLIST_KEY_UISupportedInterfaceOrientations_iPad = "UIInterfaceOrientationPortrait UIInterfaceOrientationPortraitUpsideDown UIInterfaceOrientationLandscapeLeft UIInterfaceOrientationLandscapeRight";
				INFOPLIST_KEY_UISupportedInterfaceOrientations_iPhone = "UIInterfaceOrientationPortrait UIInterfaceOrientationLandscapeLeft UIInterfaceOrientationLandscapeRight";
				IPHONEOS_DEPLOYMENT_TARGET = 15.5;
				LD_RUNPATH_SEARCH_PATHS = (
					"$(inherited)",
					"@executable_path/Frameworks",
				);
				MARKETING_VERSION = 1.0;
				PRODUCT_BUNDLE_IDENTIFIER = "com.learn-ios.nectar-online";
				PRODUCT_NAME = "$(TARGET_NAME)";
				SWIFT_EMIT_LOC_STRINGS = YES;
				SWIFT_VERSION = 5.0;
				TARGETED_DEVICE_FAMILY = "1,2";
			};
			name = Debug;
		};
		FA3B6E602CC36D61004DD798 /* Release */ = {
			isa = XCBuildConfiguration;
			baseConfigurationReference = 42B87CBF3045774A431A5249 /* Pods-nectar-online.release.xcconfig */;
			buildSettings = {
				ASSETCATALOG_COMPILER_APPICON_NAME = AppIcon;
				ASSETCATALOG_COMPILER_GLOBAL_ACCENT_COLOR_NAME = AccentColor;
				CODE_SIGN_STYLE = Automatic;
				CURRENT_PROJECT_VERSION = 1;
				DEVELOPMENT_TEAM = 2C5DNYDK64;
				GENERATE_INFOPLIST_FILE = YES;
				INFOPLIST_FILE = "nectar-online/Info.plist";
				INFOPLIST_KEY_UIApplicationSupportsIndirectInputEvents = YES;
				INFOPLIST_KEY_UILaunchStoryboardName = LaunchScreen;
				INFOPLIST_KEY_UISupportedInterfaceOrientations_iPad = "UIInterfaceOrientationPortrait UIInterfaceOrientationPortraitUpsideDown UIInterfaceOrientationLandscapeLeft UIInterfaceOrientationLandscapeRight";
				INFOPLIST_KEY_UISupportedInterfaceOrientations_iPhone = "UIInterfaceOrientationPortrait UIInterfaceOrientationLandscapeLeft UIInterfaceOrientationLandscapeRight";
				IPHONEOS_DEPLOYMENT_TARGET = 15.5;
				LD_RUNPATH_SEARCH_PATHS = (
					"$(inherited)",
					"@executable_path/Frameworks",
				);
				MARKETING_VERSION = 1.0;
				PRODUCT_BUNDLE_IDENTIFIER = "com.learn-ios.nectar-online";
				PRODUCT_NAME = "$(TARGET_NAME)";
				SWIFT_EMIT_LOC_STRINGS = YES;
				SWIFT_VERSION = 5.0;
				TARGETED_DEVICE_FAMILY = "1,2";
			};
			name = Release;
		};
/* End XCBuildConfiguration section */

/* Begin XCConfigurationList section */
		FA3B6E452CC36D60004DD798 /* Build configuration list for PBXProject "nectar-online" */ = {
			isa = XCConfigurationList;
			buildConfigurations = (
				FA3B6E5C2CC36D61004DD798 /* Debug */,
				FA3B6E5D2CC36D61004DD798 /* Release */,
			);
			defaultConfigurationIsVisible = 0;
			defaultConfigurationName = Release;
		};
		FA3B6E5E2CC36D61004DD798 /* Build configuration list for PBXNativeTarget "nectar-online" */ = {
			isa = XCConfigurationList;
			buildConfigurations = (
				FA3B6E5F2CC36D61004DD798 /* Debug */,
				FA3B6E602CC36D61004DD798 /* Release */,
			);
			defaultConfigurationIsVisible = 0;
			defaultConfigurationName = Release;
		};
/* End XCConfigurationList section */
	};
	rootObject = FA3B6E422CC36D60004DD798 /* Project object */;
}
